
Microsoft Visual Studio Solution File, Format Version 12.00
# Visual Studio 15
Project("{FAE04EC0-301F-11D3-BF4B-00C04F79EFBC}") = "NorthwindMobile.Android", "NorthwindMobile.Android\NorthwindMobile.Android.csproj", "{8DCA9EED-2066-433C-8A73-277988CE5D28}"
EndProject
Project("{FAE04EC0-301F-11D3-BF4B-00C04F79EFBC}") = "NorthwindMobile.iOS", "NorthwindMobile.iOS\NorthwindMobile.iOS.csproj", "{3890388B-B0DE-43C1-9CFC-AFF3491ECF0A}"
EndProject
Project("{D954291E-2A0B-460D-934E-DC6B0785DB48}") = "NorthwindMobile", "NorthwindMobile\NorthwindMobile.shproj", "{F300CDAA-4410-4ECF-B084-F4747D51D9C4}"
EndProject
Global
	GlobalSection(SolutionConfigurationPlatforms) = preSolution
		Debug|Any CPU = Debug|Any CPU
		Release|Any CPU = Release|Any CPU
		Debug|iPhoneSimulator = Debug|iPhoneSimulator
		Release|iPhoneSimulator = Release|iPhoneSimulator
		Debug|iPhone = Debug|iPhone
		Release|iPhone = Release|iPhone
		Ad-Hoc|iPhone = Ad-Hoc|iPhone
		AppStore|iPhone = AppStore|iPhone
	EndGlobalSection
	GlobalSection(ProjectConfigurationPlatforms) = postSolution
		{8DCA9EED-2066-433C-8A73-277988CE5D28}.Debug|Any CPU.ActiveCfg = Debug|Any CPU
		{8DCA9EED-2066-433C-8A73-277988CE5D28}.Debug|Any CPU.Build.0 = Debug|Any CPU
		{8DCA9EED-2066-433C-8A73-277988CE5D28}.Release|Any CPU.ActiveCfg = Release|Any CPU
		{8DCA9EED-2066-433C-8A73-277988CE5D28}.Release|Any CPU.Build.0 = Release|Any CPU
		{8DCA9EED-2066-433C-8A73-277988CE5D28}.Debug|iPhoneSimulator.ActiveCfg = Debug|Any CPU
		{8DCA9EED-2066-433C-8A73-277988CE5D28}.Debug|iPhoneSimulator.Build.0 = Debug|Any CPU
		{8DCA9EED-2066-433C-8A73-277988CE5D28}.Release|iPhoneSimulator.ActiveCfg = Release|Any CPU
		{8DCA9EED-2066-433C-8A73-277988CE5D28}.Release|iPhoneSimulator.Build.0 = Release|Any CPU
		{8DCA9EED-2066-433C-8A73-277988CE5D28}.Debug|iPhone.ActiveCfg = Debug|Any CPU
		{8DCA9EED-2066-433C-8A73-277988CE5D28}.Debug|iPhone.Build.0 = Debug|Any CPU
		{8DCA9EED-2066-433C-8A73-277988CE5D28}.Release|iPhone.ActiveCfg = Release|Any CPU
		{8DCA9EED-2066-433C-8A73-277988CE5D28}.Release|iPhone.Build.0 = Release|Any CPU
		{8DCA9EED-2066-433C-8A73-277988CE5D28}.Ad-Hoc|iPhone.ActiveCfg = Debug|Any CPU
		{8DCA9EED-2066-433C-8A73-277988CE5D28}.Ad-Hoc|iPhone.Build.0 = Debug|Any CPU
		{8DCA9EED-2066-433C-8A73-277988CE5D28}.AppStore|iPhone.ActiveCfg = Debug|Any CPU
		{8DCA9EED-2066-433C-8A73-277988CE5D28}.AppStore|iPhone.Build.0 = Debug|Any CPU
		{3890388B-B0DE-43C1-9CFC-AFF3491ECF0A}.Debug|Any CPU.ActiveCfg = Debug|iPhoneSimulator
		{3890388B-B0DE-43C1-9CFC-AFF3491ECF0A}.Debug|Any CPU.Build.0 = Debug|iPhoneSimulator
		{3890388B-B0DE-43C1-9CFC-AFF3491ECF0A}.Release|Any CPU.ActiveCfg = Release|iPhoneSimulator
		{3890388B-B0DE-43C1-9CFC-AFF3491ECF0A}.Release|Any CPU.Build.0 = Release|iPhoneSimulator
		{3890388B-B0DE-43C1-9CFC-AFF3491ECF0A}.Debug|iPhoneSimulator.ActiveCfg = Debug|iPhoneSimulator
		{3890388B-B0DE-43C1-9CFC-AFF3491ECF0A}.Debug|iPhoneSimulator.Build.0 = Debug|iPhoneSimulator
		{3890388B-B0DE-43C1-9CFC-AFF3491ECF0A}.Release|iPhoneSimulator.ActiveCfg = Release|iPhoneSimulator
		{3890388B-B0DE-43C1-9CFC-AFF3491ECF0A}.Release|iPhoneSimulator.Build.0 = Release|iPhoneSimulator
		{3890388B-B0DE-43C1-9CFC-AFF3491ECF0A}.Debug|iPhone.ActiveCfg = Debug|iPhone
		{3890388B-B0DE-43C1-9CFC-AFF3491ECF0A}.Debug|iPhone.Build.0 = Debug|iPhone
		{3890388B-B0DE-43C1-9CFC-AFF3491ECF0A}.Release|iPhone.ActiveCfg = Release|iPhone
		{3890388B-B0DE-43C1-9CFC-AFF3491ECF0A}.Release|iPhone.Build.0 = Release|iPhone
		{3890388B-B0DE-43C1-9CFC-AFF3491ECF0A}.Ad-Hoc|iPhone.ActiveCfg = Ad-Hoc|iPhone
		{3890388B-B0DE-43C1-9CFC-AFF3491ECF0A}.Ad-Hoc|iPhone.Build.0 = Ad-Hoc|iPhone
		{3890388B-B0DE-43C1-9CFC-AFF3491ECF0A}.AppStore|iPhone.ActiveCfg = AppStore|iPhone
		{3890388B-B0DE-43C1-9CFC-AFF3491ECF0A}.AppStore|iPhone.Build.0 = AppStore|iPhone
	EndGlobalSection
EndGlobal
