
Microsoft Visual Studio Solution File, Format Version 12.00
# Visual Studio Version 16
VisualStudioVersion = 16.0.28527.54
MinimumVisualStudioVersion = 15.0.26124.0
Project("{9A19103F-16F7-4668-BE54-9A1E7A4F7556}") = "BasicWinForms", "BasicWinForms\BasicWinForms.csproj", "{C7BC6F3E-DD35-4941-B63A-9FC07BA85C26}"
EndProject
Project("{FAE04EC0-301F-11D3-BF4B-00C04F79EFBC}") = "LegacyWinForms", "LegacyWinForms\LegacyWinForms.csproj", "{B926C68F-359F-49C9-B394-7DE50CA6D890}"
EndProject
Project("{9A19103F-16F7-4668-BE54-9A1E7A4F7556}") = "MigratedWinForms", "MigratedWinForms\MigratedWinForms.csproj", "{9D7B6751-4206-4955-99D4-B79C6A912E2B}"
EndProject
Project("{9A19103F-16F7-4668-BE54-9A1E7A4F7556}") = "NorthwindWpf", "NorthwindWpf\NorthwindWpf.csproj", "{3083C895-1954-41F1-93B3-6F5BA201C739}"
EndProject
Project("{9A19103F-16F7-4668-BE54-9A1E7A4F7556}") = "NorthwindContextLib", "..\NorthwindContextLib\NorthwindContextLib.csproj", "{C299D20E-00ED-4452-A68A-976579ABB8AB}"
EndProject
Project("{9A19103F-16F7-4668-BE54-9A1E7A4F7556}") = "NorthwindEntitiesLib", "..\NorthwindEntitiesLib\NorthwindEntitiesLib.csproj", "{848A8D5B-4991-4379-A7C0-CFC88426D19F}"
EndProject
Project("{FAE04EC0-301F-11D3-BF4B-00C04F79EFBC}") = "FluentUwpApp", "FluentUwpApp\FluentUwpApp.csproj", "{994F1107-9B82-419C-BB01-E4CD40D033FA}"
EndProject
Project("{FAE04EC0-301F-11D3-BF4B-00C04F79EFBC}") = "NorthwindFluent", "NorthwindFluent\NorthwindFluent.csproj", "{37A86992-62D6-4A82-87B7-B4632419C4CB}"
EndProject
Global
	GlobalSection(SolutionConfigurationPlatforms) = preSolution
		Debug|Any CPU = Debug|Any CPU
		Debug|ARM = Debug|ARM
		Debug|ARM64 = Debug|ARM64
		Debug|x64 = Debug|x64
		Debug|x86 = Debug|x86
		Release|Any CPU = Release|Any CPU
		Release|ARM = Release|ARM
		Release|ARM64 = Release|ARM64
		Release|x64 = Release|x64
		Release|x86 = Release|x86
	EndGlobalSection
	GlobalSection(ProjectConfigurationPlatforms) = postSolution
		{C7BC6F3E-DD35-4941-B63A-9FC07BA85C26}.Debug|Any CPU.ActiveCfg = Debug|Any CPU
		{C7BC6F3E-DD35-4941-B63A-9FC07BA85C26}.Debug|Any CPU.Build.0 = Debug|Any CPU
		{C7BC6F3E-DD35-4941-B63A-9FC07BA85C26}.Debug|ARM.ActiveCfg = Debug|Any CPU
		{C7BC6F3E-DD35-4941-B63A-9FC07BA85C26}.Debug|ARM.Build.0 = Debug|Any CPU
		{C7BC6F3E-DD35-4941-B63A-9FC07BA85C26}.Debug|ARM64.ActiveCfg = Debug|Any CPU
		{C7BC6F3E-DD35-4941-B63A-9FC07BA85C26}.Debug|ARM64.Build.0 = Debug|Any CPU
		{C7BC6F3E-DD35-4941-B63A-9FC07BA85C26}.Debug|x64.ActiveCfg = Debug|Any CPU
		{C7BC6F3E-DD35-4941-B63A-9FC07BA85C26}.Debug|x64.Build.0 = Debug|Any CPU
		{C7BC6F3E-DD35-4941-B63A-9FC07BA85C26}.Debug|x86.ActiveCfg = Debug|Any CPU
		{C7BC6F3E-DD35-4941-B63A-9FC07BA85C26}.Debug|x86.Build.0 = Debug|Any CPU
		{C7BC6F3E-DD35-4941-B63A-9FC07BA85C26}.Release|Any CPU.ActiveCfg = Release|Any CPU
		{C7BC6F3E-DD35-4941-B63A-9FC07BA85C26}.Release|Any CPU.Build.0 = Release|Any CPU
		{C7BC6F3E-DD35-4941-B63A-9FC07BA85C26}.Release|ARM.ActiveCfg = Release|Any CPU
		{C7BC6F3E-DD35-4941-B63A-9FC07BA85C26}.Release|ARM.Build.0 = Release|Any CPU
		{C7BC6F3E-DD35-4941-B63A-9FC07BA85C26}.Release|ARM64.ActiveCfg = Release|Any CPU
		{C7BC6F3E-DD35-4941-B63A-9FC07BA85C26}.Release|ARM64.Build.0 = Release|Any CPU
		{C7BC6F3E-DD35-4941-B63A-9FC07BA85C26}.Release|x64.ActiveCfg = Release|Any CPU
		{C7BC6F3E-DD35-4941-B63A-9FC07BA85C26}.Release|x64.Build.0 = Release|Any CPU
		{C7BC6F3E-DD35-4941-B63A-9FC07BA85C26}.Release|x86.ActiveCfg = Release|Any CPU
		{C7BC6F3E-DD35-4941-B63A-9FC07BA85C26}.Release|x86.Build.0 = Release|Any CPU
		{B926C68F-359F-49C9-B394-7DE50CA6D890}.Debug|Any CPU.ActiveCfg = Debug|Any CPU
		{B926C68F-359F-49C9-B394-7DE50CA6D890}.Debug|Any CPU.Build.0 = Debug|Any CPU
		{B926C68F-359F-49C9-B394-7DE50CA6D890}.Debug|ARM.ActiveCfg = Debug|Any CPU
		{B926C68F-359F-49C9-B394-7DE50CA6D890}.Debug|ARM.Build.0 = Debug|Any CPU
		{B926C68F-359F-49C9-B394-7DE50CA6D890}.Debug|ARM64.ActiveCfg = Debug|Any CPU
		{B926C68F-359F-49C9-B394-7DE50CA6D890}.Debug|ARM64.Build.0 = Debug|Any CPU
		{B926C68F-359F-49C9-B394-7DE50CA6D890}.Debug|x64.ActiveCfg = Debug|Any CPU
		{B926C68F-359F-49C9-B394-7DE50CA6D890}.Debug|x64.Build.0 = Debug|Any CPU
		{B926C68F-359F-49C9-B394-7DE50CA6D890}.Debug|x86.ActiveCfg = Debug|Any CPU
		{B926C68F-359F-49C9-B394-7DE50CA6D890}.Debug|x86.Build.0 = Debug|Any CPU
		{B926C68F-359F-49C9-B394-7DE50CA6D890}.Release|Any CPU.ActiveCfg = Release|Any CPU
		{B926C68F-359F-49C9-B394-7DE50CA6D890}.Release|Any CPU.Build.0 = Release|Any CPU
		{B926C68F-359F-49C9-B394-7DE50CA6D890}.Release|ARM.ActiveCfg = Release|Any CPU
		{B926C68F-359F-49C9-B394-7DE50CA6D890}.Release|ARM.Build.0 = Release|Any CPU
		{B926C68F-359F-49C9-B394-7DE50CA6D890}.Release|ARM64.ActiveCfg = Release|Any CPU
		{B926C68F-359F-49C9-B394-7DE50CA6D890}.Release|ARM64.Build.0 = Release|Any CPU
		{B926C68F-359F-49C9-B394-7DE50CA6D890}.Release|x64.ActiveCfg = Release|Any CPU
		{B926C68F-359F-49C9-B394-7DE50CA6D890}.Release|x64.Build.0 = Release|Any CPU
		{B926C68F-359F-49C9-B394-7DE50CA6D890}.Release|x86.ActiveCfg = Release|Any CPU
		{B926C68F-359F-49C9-B394-7DE50CA6D890}.Release|x86.Build.0 = Release|Any CPU
		{9D7B6751-4206-4955-99D4-B79C6A912E2B}.Debug|Any CPU.ActiveCfg = Debug|Any CPU
		{9D7B6751-4206-4955-99D4-B79C6A912E2B}.Debug|Any CPU.Build.0 = Debug|Any CPU
		{9D7B6751-4206-4955-99D4-B79C6A912E2B}.Debug|ARM.ActiveCfg = Debug|Any CPU
		{9D7B6751-4206-4955-99D4-B79C6A912E2B}.Debug|ARM.Build.0 = Debug|Any CPU
		{9D7B6751-4206-4955-99D4-B79C6A912E2B}.Debug|ARM64.ActiveCfg = Debug|Any CPU
		{9D7B6751-4206-4955-99D4-B79C6A912E2B}.Debug|ARM64.Build.0 = Debug|Any CPU
		{9D7B6751-4206-4955-99D4-B79C6A912E2B}.Debug|x64.ActiveCfg = Debug|Any CPU
		{9D7B6751-4206-4955-99D4-B79C6A912E2B}.Debug|x64.Build.0 = Debug|Any CPU
		{9D7B6751-4206-4955-99D4-B79C6A912E2B}.Debug|x86.ActiveCfg = Debug|Any CPU
		{9D7B6751-4206-4955-99D4-B79C6A912E2B}.Debug|x86.Build.0 = Debug|Any CPU
		{9D7B6751-4206-4955-99D4-B79C6A912E2B}.Release|Any CPU.ActiveCfg = Release|Any CPU
		{9D7B6751-4206-4955-99D4-B79C6A912E2B}.Release|Any CPU.Build.0 = Release|Any CPU
		{9D7B6751-4206-4955-99D4-B79C6A912E2B}.Release|ARM.ActiveCfg = Release|Any CPU
		{9D7B6751-4206-4955-99D4-B79C6A912E2B}.Release|ARM.Build.0 = Release|Any CPU
		{9D7B6751-4206-4955-99D4-B79C6A912E2B}.Release|ARM64.ActiveCfg = Release|Any CPU
		{9D7B6751-4206-4955-99D4-B79C6A912E2B}.Release|ARM64.Build.0 = Release|Any CPU
		{9D7B6751-4206-4955-99D4-B79C6A912E2B}.Release|x64.ActiveCfg = Release|Any CPU
		{9D7B6751-4206-4955-99D4-B79C6A912E2B}.Release|x64.Build.0 = Release|Any CPU
		{9D7B6751-4206-4955-99D4-B79C6A912E2B}.Release|x86.ActiveCfg = Release|Any CPU
		{9D7B6751-4206-4955-99D4-B79C6A912E2B}.Release|x86.Build.0 = Release|Any CPU
		{3083C895-1954-41F1-93B3-6F5BA201C739}.Debug|Any CPU.ActiveCfg = Debug|Any CPU
		{3083C895-1954-41F1-93B3-6F5BA201C739}.Debug|Any CPU.Build.0 = Debug|Any CPU
		{3083C895-1954-41F1-93B3-6F5BA201C739}.Debug|ARM.ActiveCfg = Debug|Any CPU
		{3083C895-1954-41F1-93B3-6F5BA201C739}.Debug|ARM.Build.0 = Debug|Any CPU
		{3083C895-1954-41F1-93B3-6F5BA201C739}.Debug|ARM64.ActiveCfg = Debug|Any CPU
		{3083C895-1954-41F1-93B3-6F5BA201C739}.Debug|ARM64.Build.0 = Debug|Any CPU
		{3083C895-1954-41F1-93B3-6F5BA201C739}.Debug|x64.ActiveCfg = Debug|Any CPU
		{3083C895-1954-41F1-93B3-6F5BA201C739}.Debug|x64.Build.0 = Debug|Any CPU
		{3083C895-1954-41F1-93B3-6F5BA201C739}.Debug|x86.ActiveCfg = Debug|Any CPU
		{3083C895-1954-41F1-93B3-6F5BA201C739}.Debug|x86.Build.0 = Debug|Any CPU
		{3083C895-1954-41F1-93B3-6F5BA201C739}.Release|Any CPU.ActiveCfg = Release|Any CPU
		{3083C895-1954-41F1-93B3-6F5BA201C739}.Release|Any CPU.Build.0 = Release|Any CPU
		{3083C895-1954-41F1-93B3-6F5BA201C739}.Release|ARM.ActiveCfg = Release|Any CPU
		{3083C895-1954-41F1-93B3-6F5BA201C739}.Release|ARM.Build.0 = Release|Any CPU
		{3083C895-1954-41F1-93B3-6F5BA201C739}.Release|ARM64.ActiveCfg = Release|Any CPU
		{3083C895-1954-41F1-93B3-6F5BA201C739}.Release|ARM64.Build.0 = Release|Any CPU
		{3083C895-1954-41F1-93B3-6F5BA201C739}.Release|x64.ActiveCfg = Release|Any CPU
		{3083C895-1954-41F1-93B3-6F5BA201C739}.Release|x64.Build.0 = Release|Any CPU
		{3083C895-1954-41F1-93B3-6F5BA201C739}.Release|x86.ActiveCfg = Release|Any CPU
		{3083C895-1954-41F1-93B3-6F5BA201C739}.Release|x86.Build.0 = Release|Any CPU
		{C299D20E-00ED-4452-A68A-976579ABB8AB}.Debug|Any CPU.ActiveCfg = Debug|Any CPU
		{C299D20E-00ED-4452-A68A-976579ABB8AB}.Debug|Any CPU.Build.0 = Debug|Any CPU
		{C299D20E-00ED-4452-A68A-976579ABB8AB}.Debug|ARM.ActiveCfg = Debug|Any CPU
		{C299D20E-00ED-4452-A68A-976579ABB8AB}.Debug|ARM.Build.0 = Debug|Any CPU
		{C299D20E-00ED-4452-A68A-976579ABB8AB}.Debug|ARM64.ActiveCfg = Debug|Any CPU
		{C299D20E-00ED-4452-A68A-976579ABB8AB}.Debug|ARM64.Build.0 = Debug|Any CPU
		{C299D20E-00ED-4452-A68A-976579ABB8AB}.Debug|x64.ActiveCfg = Debug|Any CPU
		{C299D20E-00ED-4452-A68A-976579ABB8AB}.Debug|x64.Build.0 = Debug|Any CPU
		{C299D20E-00ED-4452-A68A-976579ABB8AB}.Debug|x86.ActiveCfg = Debug|Any CPU
		{C299D20E-00ED-4452-A68A-976579ABB8AB}.Debug|x86.Build.0 = Debug|Any CPU
		{C299D20E-00ED-4452-A68A-976579ABB8AB}.Release|Any CPU.ActiveCfg = Release|Any CPU
		{C299D20E-00ED-4452-A68A-976579ABB8AB}.Release|Any CPU.Build.0 = Release|Any CPU
		{C299D20E-00ED-4452-A68A-976579ABB8AB}.Release|ARM.ActiveCfg = Release|Any CPU
		{C299D20E-00ED-4452-A68A-976579ABB8AB}.Release|ARM.Build.0 = Release|Any CPU
		{C299D20E-00ED-4452-A68A-976579ABB8AB}.Release|ARM64.ActiveCfg = Release|Any CPU
		{C299D20E-00ED-4452-A68A-976579ABB8AB}.Release|ARM64.Build.0 = Release|Any CPU
		{C299D20E-00ED-4452-A68A-976579ABB8AB}.Release|x64.ActiveCfg = Release|Any CPU
		{C299D20E-00ED-4452-A68A-976579ABB8AB}.Release|x64.Build.0 = Release|Any CPU
		{C299D20E-00ED-4452-A68A-976579ABB8AB}.Release|x86.ActiveCfg = Release|Any CPU
		{C299D20E-00ED-4452-A68A-976579ABB8AB}.Release|x86.Build.0 = Release|Any CPU
		{848A8D5B-4991-4379-A7C0-CFC88426D19F}.Debug|Any CPU.ActiveCfg = Debug|Any CPU
		{848A8D5B-4991-4379-A7C0-CFC88426D19F}.Debug|Any CPU.Build.0 = Debug|Any CPU
		{848A8D5B-4991-4379-A7C0-CFC88426D19F}.Debug|ARM.ActiveCfg = Debug|Any CPU
		{848A8D5B-4991-4379-A7C0-CFC88426D19F}.Debug|ARM.Build.0 = Debug|Any CPU
		{848A8D5B-4991-4379-A7C0-CFC88426D19F}.Debug|ARM64.ActiveCfg = Debug|Any CPU
		{848A8D5B-4991-4379-A7C0-CFC88426D19F}.Debug|ARM64.Build.0 = Debug|Any CPU
		{848A8D5B-4991-4379-A7C0-CFC88426D19F}.Debug|x64.ActiveCfg = Debug|Any CPU
		{848A8D5B-4991-4379-A7C0-CFC88426D19F}.Debug|x64.Build.0 = Debug|Any CPU
		{848A8D5B-4991-4379-A7C0-CFC88426D19F}.Debug|x86.ActiveCfg = Debug|Any CPU
		{848A8D5B-4991-4379-A7C0-CFC88426D19F}.Debug|x86.Build.0 = Debug|Any CPU
		{848A8D5B-4991-4379-A7C0-CFC88426D19F}.Release|Any CPU.ActiveCfg = Release|Any CPU
		{848A8D5B-4991-4379-A7C0-CFC88426D19F}.Release|Any CPU.Build.0 = Release|Any CPU
		{848A8D5B-4991-4379-A7C0-CFC88426D19F}.Release|ARM.ActiveCfg = Release|Any CPU
		{848A8D5B-4991-4379-A7C0-CFC88426D19F}.Release|ARM.Build.0 = Release|Any CPU
		{848A8D5B-4991-4379-A7C0-CFC88426D19F}.Release|ARM64.ActiveCfg = Release|Any CPU
		{848A8D5B-4991-4379-A7C0-CFC88426D19F}.Release|ARM64.Build.0 = Release|Any CPU
		{848A8D5B-4991-4379-A7C0-CFC88426D19F}.Release|x64.ActiveCfg = Release|Any CPU
		{848A8D5B-4991-4379-A7C0-CFC88426D19F}.Release|x64.Build.0 = Release|Any CPU
		{848A8D5B-4991-4379-A7C0-CFC88426D19F}.Release|x86.ActiveCfg = Release|Any CPU
		{848A8D5B-4991-4379-A7C0-CFC88426D19F}.Release|x86.Build.0 = Release|Any CPU
		{994F1107-9B82-419C-BB01-E4CD40D033FA}.Debug|Any CPU.ActiveCfg = Debug|x64
		{994F1107-9B82-419C-BB01-E4CD40D033FA}.Debug|Any CPU.Build.0 = Debug|x64
		{994F1107-9B82-419C-BB01-E4CD40D033FA}.Debug|Any CPU.Deploy.0 = Debug|x64
		{994F1107-9B82-419C-BB01-E4CD40D033FA}.Debug|ARM.ActiveCfg = Debug|ARM
		{994F1107-9B82-419C-BB01-E4CD40D033FA}.Debug|ARM.Build.0 = Debug|ARM
		{994F1107-9B82-419C-BB01-E4CD40D033FA}.Debug|ARM.Deploy.0 = Debug|ARM
		{994F1107-9B82-419C-BB01-E4CD40D033FA}.Debug|ARM64.ActiveCfg = Debug|ARM64
		{994F1107-9B82-419C-BB01-E4CD40D033FA}.Debug|ARM64.Build.0 = Debug|ARM64
		{994F1107-9B82-419C-BB01-E4CD40D033FA}.Debug|ARM64.Deploy.0 = Debug|ARM64
		{994F1107-9B82-419C-BB01-E4CD40D033FA}.Debug|x64.ActiveCfg = Debug|x64
		{994F1107-9B82-419C-BB01-E4CD40D033FA}.Debug|x64.Build.0 = Debug|x64
		{994F1107-9B82-419C-BB01-E4CD40D033FA}.Debug|x64.Deploy.0 = Debug|x64
		{994F1107-9B82-419C-BB01-E4CD40D033FA}.Debug|x86.ActiveCfg = Debug|x86
		{994F1107-9B82-419C-BB01-E4CD40D033FA}.Debug|x86.Build.0 = Debug|x86
		{994F1107-9B82-419C-BB01-E4CD40D033FA}.Debug|x86.Deploy.0 = Debug|x86
		{994F1107-9B82-419C-BB01-E4CD40D033FA}.Release|Any CPU.ActiveCfg = Release|x86
		{994F1107-9B82-419C-BB01-E4CD40D033FA}.Release|ARM.ActiveCfg = Release|ARM
		{994F1107-9B82-419C-BB01-E4CD40D033FA}.Release|ARM.Build.0 = Release|ARM
		{994F1107-9B82-419C-BB01-E4CD40D033FA}.Release|ARM.Deploy.0 = Release|ARM
		{994F1107-9B82-419C-BB01-E4CD40D033FA}.Release|ARM64.ActiveCfg = Release|ARM64
		{994F1107-9B82-419C-BB01-E4CD40D033FA}.Release|ARM64.Build.0 = Release|ARM64
		{994F1107-9B82-419C-BB01-E4CD40D033FA}.Release|ARM64.Deploy.0 = Release|ARM64
		{994F1107-9B82-419C-BB01-E4CD40D033FA}.Release|x64.ActiveCfg = Release|x64
		{994F1107-9B82-419C-BB01-E4CD40D033FA}.Release|x64.Build.0 = Release|x64
		{994F1107-9B82-419C-BB01-E4CD40D033FA}.Release|x64.Deploy.0 = Release|x64
		{994F1107-9B82-419C-BB01-E4CD40D033FA}.Release|x86.ActiveCfg = Release|x86
		{994F1107-9B82-419C-BB01-E4CD40D033FA}.Release|x86.Build.0 = Release|x86
		{994F1107-9B82-419C-BB01-E4CD40D033FA}.Release|x86.Deploy.0 = Release|x86
		{37A86992-62D6-4A82-87B7-B4632419C4CB}.Debug|Any CPU.ActiveCfg = Debug|x64
		{37A86992-62D6-4A82-87B7-B4632419C4CB}.Debug|Any CPU.Build.0 = Debug|x64
		{37A86992-62D6-4A82-87B7-B4632419C4CB}.Debug|Any CPU.Deploy.0 = Debug|x64
		{37A86992-62D6-4A82-87B7-B4632419C4CB}.Debug|ARM.ActiveCfg = Debug|ARM
		{37A86992-62D6-4A82-87B7-B4632419C4CB}.Debug|ARM.Build.0 = Debug|ARM
		{37A86992-62D6-4A82-87B7-B4632419C4CB}.Debug|ARM.Deploy.0 = Debug|ARM
		{37A86992-62D6-4A82-87B7-B4632419C4CB}.Debug|ARM64.ActiveCfg = Debug|ARM64
		{37A86992-62D6-4A82-87B7-B4632419C4CB}.Debug|ARM64.Build.0 = Debug|ARM64
		{37A86992-62D6-4A82-87B7-B4632419C4CB}.Debug|ARM64.Deploy.0 = Debug|ARM64
		{37A86992-62D6-4A82-87B7-B4632419C4CB}.Debug|x64.ActiveCfg = Debug|x64
		{37A86992-62D6-4A82-87B7-B4632419C4CB}.Debug|x64.Build.0 = Debug|x64
		{37A86992-62D6-4A82-87B7-B4632419C4CB}.Debug|x64.Deploy.0 = Debug|x64
		{37A86992-62D6-4A82-87B7-B4632419C4CB}.Debug|x86.ActiveCfg = Debug|x86
		{37A86992-62D6-4A82-87B7-B4632419C4CB}.Debug|x86.Build.0 = Debug|x86
		{37A86992-62D6-4A82-87B7-B4632419C4CB}.Debug|x86.Deploy.0 = Debug|x86
		{37A86992-62D6-4A82-87B7-B4632419C4CB}.Release|Any CPU.ActiveCfg = Release|x86
		{37A86992-62D6-4A82-87B7-B4632419C4CB}.Release|ARM.ActiveCfg = Release|ARM
		{37A86992-62D6-4A82-87B7-B4632419C4CB}.Release|ARM.Build.0 = Release|ARM
		{37A86992-62D6-4A82-87B7-B4632419C4CB}.Release|ARM.Deploy.0 = Release|ARM
		{37A86992-62D6-4A82-87B7-B4632419C4CB}.Release|ARM64.ActiveCfg = Release|ARM64
		{37A86992-62D6-4A82-87B7-B4632419C4CB}.Release|ARM64.Build.0 = Release|ARM64
		{37A86992-62D6-4A82-87B7-B4632419C4CB}.Release|ARM64.Deploy.0 = Release|ARM64
		{37A86992-62D6-4A82-87B7-B4632419C4CB}.Release|x64.ActiveCfg = Release|x64
		{37A86992-62D6-4A82-87B7-B4632419C4CB}.Release|x64.Build.0 = Release|x64
		{37A86992-62D6-4A82-87B7-B4632419C4CB}.Release|x64.Deploy.0 = Release|x64
		{37A86992-62D6-4A82-87B7-B4632419C4CB}.Release|x86.ActiveCfg = Release|x86
		{37A86992-62D6-4A82-87B7-B4632419C4CB}.Release|x86.Build.0 = Release|x86
		{37A86992-62D6-4A82-87B7-B4632419C4CB}.Release|x86.Deploy.0 = Release|x86
	EndGlobalSection
	GlobalSection(SolutionProperties) = preSolution
		HideSolutionNode = FALSE
	EndGlobalSection
	GlobalSection(ExtensibilityGlobals) = postSolution
		SolutionGuid = {478F11A8-C1EE-455F-B3B3-7251954640CD}
	EndGlobalSection
EndGlobal
